
Microsoft Visual Studio Solution File, Format Version 12.00
# Visual Studio Version 17
VisualStudioVersion = 17.12.35527.113 d17.12
MinimumVisualStudioVersion = 10.0.40219.1
Project("{FAE04EC0-301F-11D3-BF4B-00C04F79EFBC}") = "GatheringTheMagic", "GatheringTheMagic\GatheringTheMagic.csproj", "{E67ECB5C-6C76-44E2-844D-056D572275FC}"
EndProject
Project("{FAE04EC0-301F-11D3-BF4B-00C04F79EFBC}") = "GatheringTheMagic.Cli", "GatheringTheMagic.Cli\GatheringTheMagic.Cli.csproj", "{9284759C-D373-4A73-8911-5C9724EE8735}"
EndProject
Project("{FAE04EC0-301F-11D3-BF4B-00C04F79EFBC}") = "GatheringTheMagic.Web", "GatheringTheMagic.Web\GatheringTheMagic.Web.csproj", "{1D25B281-C882-4190-9B8D-DBB39B497A62}"
EndProject
Global
	GlobalSection(SolutionConfigurationPlatforms) = preSolution
		Debug|Any CPU = Debug|Any CPU
		Release|Any CPU = Release|Any CPU
	EndGlobalSection
	GlobalSection(ProjectConfigurationPlatforms) = postSolution
		{E67ECB5C-6C76-44E2-844D-056D572275FC}.Debug|Any CPU.ActiveCfg = Debug|Any CPU
		{E67ECB5C-6C76-44E2-844D-056D572275FC}.Debug|Any CPU.Build.0 = Debug|Any CPU
		{E67ECB5C-6C76-44E2-844D-056D572275FC}.Release|Any CPU.ActiveCfg = Release|Any CPU
		{E67ECB5C-6C76-44E2-844D-056D572275FC}.Release|Any CPU.Build.0 = Release|Any CPU
		{9284759C-D373-4A73-8911-5C9724EE8735}.Debug|Any CPU.ActiveCfg = Debug|Any CPU
		{9284759C-D373-4A73-8911-5C9724EE8735}.Debug|Any CPU.Build.0 = Debug|Any CPU
		{9284759C-D373-4A73-8911-5C9724EE8735}.Release|Any CPU.ActiveCfg = Release|Any CPU
		{9284759C-D373-4A73-8911-5C9724EE8735}.Release|Any CPU.Build.0 = Release|Any CPU
		{1D25B281-C882-4190-9B8D-DBB39B497A62}.Debug|Any CPU.ActiveCfg = Debug|Any CPU
		{1D25B281-C882-4190-9B8D-DBB39B497A62}.Debug|Any CPU.Build.0 = Debug|Any CPU
		{1D25B281-C882-4190-9B8D-DBB39B497A62}.Release|Any CPU.ActiveCfg = Release|Any CPU
		{1D25B281-C882-4190-9B8D-DBB39B497A62}.Release|Any CPU.Build.0 = Release|Any CPU
	EndGlobalSection
	GlobalSection(SolutionProperties) = preSolution
		HideSolutionNode = FALSE
	EndGlobalSection
EndGlobal
